github.com/go-redis/redis v6.15.9+incompatible h1:K0pv1D7EQUjfyoMql+r/jZqCLizCGKFlFgcHWWmHQjg=
github.com/go-redis/redis v6.15.9+incompatible/go.mod h1:NAIEuMOZ/fxfXJIrKDQDz8wamY7mA7PouImQ2Jvg6kA=
github.com/knocknote/gotx v0.0.0-20210127014401-9c0af1a7be65 h1:A4vbU85ujgK8z4LcGTTJz1logvwcseyN2PNWCwjr6Vk=
github.com/knocknote/gotx v0.0.0-20210127014401-9c0af1a7be65/go.mod h1:zw/0+kePKu2wZCeFYz2DQAINg5382OiFB9Jwqp78E7w=
